
Microsoft Visual Studio Solution File, Format Version 12.00
# Visual Studio Version 17
VisualStudioVersion = 17.9.34728.123
MinimumVisualStudioVersion = 10.0.40219.1
Project("{FAE04EC0-301F-11D3-BF4B-00C04F79EFBC}") = "LibraryExercise", "LibraryExercise.csproj", "{A609285B-0D74-4D96-9A1F-F3730E307E62}"
EndProject
Project("{FAE04EC0-301F-11D3-BF4B-00C04F79EFBC}") = "LibraryExerciseTests", "..\LibraryExerciseTests\LibraryExerciseTests.csproj", "{72745670-F716-4743-9F9A-9A0003876EB4}"
EndProject
Global
	GlobalSection(SolutionConfigurationPlatforms) = preSolution
		Debug|Any CPU = Debug|Any CPU
		Release|Any CPU = Release|Any CPU
	EndGlobalSection
	GlobalSection(ProjectConfigurationPlatforms) = postSolution
		{A609285B-0D74-4D96-9A1F-F3730E307E62}.Debug|Any CPU.ActiveCfg = Debug|Any CPU
		{A609285B-0D74-4D96-9A1F-F3730E307E62}.Debug|Any CPU.Build.0 = Debug|Any CPU
		{A609285B-0D74-4D96-9A1F-F3730E307E62}.Release|Any CPU.ActiveCfg = Release|Any CPU
		{A609285B-0D74-4D96-9A1F-F3730E307E62}.Release|Any CPU.Build.0 = Release|Any CPU
		{72745670-F716-4743-9F9A-9A0003876EB4}.Debug|Any CPU.ActiveCfg = Debug|Any CPU
		{72745670-F716-4743-9F9A-9A0003876EB4}.Debug|Any CPU.Build.0 = Debug|Any CPU
		{72745670-F716-4743-9F9A-9A0003876EB4}.Release|Any CPU.ActiveCfg = Release|Any CPU
		{72745670-F716-4743-9F9A-9A0003876EB4}.Release|Any CPU.Build.0 = Release|Any CPU
	EndGlobalSection
	GlobalSection(SolutionProperties) = preSolution
		HideSolutionNode = FALSE
	EndGlobalSection
	GlobalSection(ExtensibilityGlobals) = postSolution
		SolutionGuid = {B9B78E58-AD93-4027-B90E-C8878CECE43A}
	EndGlobalSection
EndGlobal
